PODS:
  - KWStepper (2.5.1)
  - Socket.IO-Client-Swift (15.1.0):
    - Starscream (~> 3.1)
  - Starscream (3.1.0)

DEPENDENCIES:
  - KWStepper
  - Socket.IO-Client-Swift

SPEC REPOS:
  https://github.com/cocoapods/specs.git:
    - KWStepper
    - Socket.IO-Client-Swift
    - Starscream

SPEC CHECKSUMS:
  KWStepper: c33509222ffcce5607cb943a074625cdd80931ab
  Socket.IO-Client-Swift: 7cb44c0ffb86e158cee32d0642d30ec5fdcf8f61
  Starscream: 08172b481e145289c4930cb567230fb55897cfa4

PODFILE CHECKSUM: 955a60310d46f9c687f8d3fbc6c2f39d32c3f95d

COCOAPODS: 1.5.2
